// !$*UTF8*$!
{
	archiveVersion = 1;
	classes = {
	};
	objectVersion = 50;
	objects = {

/* Begin PBXBuildFile section */
		452030FA22134CA100D96CD6 /* AppDelegate.swift in Sources */ = {isa = PBXBuildFile; fileRef = 452030F922134CA100D96CD6 /* AppDelegate.swift */; };
		452030FF22134CA100D96CD6 /* Main.storyboard in Resources */ = {isa = PBXBuildFile; fileRef = 452030FD22134CA100D96CD6 /* Main.storyboard */; };
		4520310122134CA200D96CD6 /* Assets.xcassets in Resources */ = {isa = PBXBuildFile; fileRef = 4520310022134CA200D96CD6 /* Assets.xcassets */; };
		4520310422134CA200D96CD6 /* LaunchScreen.storyboard in Resources */ = {isa = PBXBuildFile; fileRef = 4520310222134CA200D96CD6 /* LaunchScreen.storyboard */; };
		4520310F22134CA200D96CD6 /* MemorizeTests.swift in Sources */ = {isa = PBXBuildFile; fileRef = 4520310E22134CA200D96CD6 /* MemorizeTests.swift */; };
		4520311A22134CA200D96CD6 /* MemorizeUITests.swift in Sources */ = {isa = PBXBuildFile; fileRef = 4520311922134CA200D96CD6 /* MemorizeUITests.swift */; };
		4520312822135C7000D96CD6 /* MemoryItems.json in Resources */ = {isa = PBXBuildFile; fileRef = 4520312722135C7000D96CD6 /* MemoryItems.json */; };
		4520312A22135D2C00D96CD6 /* MemorizeTableViewController.swift in Sources */ = {isa = PBXBuildFile; fileRef = 4520312922135D2C00D96CD6 /* MemorizeTableViewController.swift */; };
		4520312C22135EBF00D96CD6 /* MemoryItem.swift in Sources */ = {isa = PBXBuildFile; fileRef = 4520312B22135EBF00D96CD6 /* MemoryItem.swift */; };
		4520312E22135F0900D96CD6 /* MemoryTableViewDataSource.swift in Sources */ = {isa = PBXBuildFile; fileRef = 4520312D22135F0900D96CD6 /* MemoryTableViewDataSource.swift */; };
		45203130221367F900D96CD6 /* MemorizeViewController.swift in Sources */ = {isa = PBXBuildFile; fileRef = 4520312F221367F900D96CD6 /* MemorizeViewController.swift */; };
/* End PBXBuildFile section */

/* Begin PBXContainerItemProxy section */
		4520310B22134CA200D96CD6 /* PBXContainerItemProxy */ = {
			isa = PBXContainerItemProxy;
			containerPortal = 452030EE22134CA100D96CD6 /* Project object */;
			proxyType = 1;
			remoteGlobalIDString = 452030F522134CA100D96CD6;
			remoteInfo = Memorize;
		};
		4520311622134CA200D96CD6 /* PBXContainerItemProxy */ = {
			isa = PBXContainerItemProxy;
			containerPortal = 452030EE22134CA100D96CD6 /* Project object */;
			proxyType = 1;
			remoteGlobalIDString = 452030F522134CA100D96CD6;
			remoteInfo = Memorize;
		};
/* End PBXContainerItemProxy section */

/* Begin PBXFileReference section */
		452030F622134CA100D96CD6 /* Memorize.app */ = {isa = PBXFileReference; explicitFileType = wrapper.application; includeInIndex = 0; path = Memorize.app; sourceTree = BUILT_PRODUCTS_DIR; };
		452030F922134CA100D96CD6 /* AppDelegate.swift */ = {isa = PBXFileReference; lastKnownFileType = sourcecode.swift; path = AppDelegate.swift; sourceTree = "<group>"; };
		452030FE22134CA100D96CD6 /* Base */ = {isa = PBXFileReference; lastKnownFileType = file.storyboard; name = Base; path = Base.lproj/Main.storyboard; sourceTree = "<group>"; };
		4520310022134CA200D96CD6 /* Assets.xcassets */ = {isa = PBXFileReference; lastKnownFileType = folder.assetcatalog; path = Assets.xcassets; sourceTree = "<group>"; };
		4520310322134CA200D96CD6 /* Base */ = {isa = PBXFileReference; lastKnownFileType = file.storyboard; name = Base; path = Base.lproj/LaunchScreen.storyboard; sourceTree = "<group>"; };
		4520310522134CA200D96CD6 /* Info.plist */ = {isa = PBXFileReference; lastKnownFileType = text.plist.xml; path = Info.plist; sourceTree = "<group>"; };
		4520310A22134CA200D96CD6 /* MemorizeTests.xctest */ = {isa = PBXFileReference; explicitFileType = wrapper.cfbundle; includeInIndex = 0; path = MemorizeTests.xctest; sourceTree = BUILT_PRODUCTS_DIR; };
		4520310E22134CA200D96CD6 /* MemorizeTests.swift */ = {isa = PBXFileReference; lastKnownFileType = sourcecode.swift; path = MemorizeTests.swift; sourceTree = "<group>"; };
		4520311022134CA200D96CD6 /* Info.plist */ = {isa = PBXFileReference; lastKnownFileType = text.plist.xml; path = Info.plist; sourceTree = "<group>"; };
		4520311522134CA200D96CD6 /* MemorizeUITests.xctest */ = {isa = PBXFileReference; explicitFileType = wrapper.cfbundle; includeInIndex = 0; path = MemorizeUITests.xctest; sourceTree = BUILT_PRODUCTS_DIR; };
		4520311922134CA200D96CD6 /* MemorizeUITests.swift */ = {isa = PBXFileReference; lastKnownFileType = sourcecode.swift; path = MemorizeUITests.swift; sourceTree = "<group>"; };
		4520311B22134CA200D96CD6 /* Info.plist */ = {isa = PBXFileReference; lastKnownFileType = text.plist.xml; path = Info.plist; sourceTree = "<group>"; };
		4520312722135C7000D96CD6 /* MemoryItems.json */ = {isa = PBXFileReference; fileEncoding = 4; lastKnownFileType = text.json; path = MemoryItems.json; sourceTree = "<group>"; };
		4520312922135D2C00D96CD6 /* MemorizeTableViewController.swift */ = {isa = PBXFileReference; lastKnownFileType = sourcecode.swift; path = MemorizeTableViewController.swift; sourceTree = "<group>"; };
		4520312B22135EBF00D96CD6 /* MemoryItem.swift */ = {isa = PBXFileReference; lastKnownFileType = sourcecode.swift; path = MemoryItem.swift; sourceTree = "<group>"; };
		4520312D22135F0900D96CD6 /* MemoryTableViewDataSource.swift */ = {isa = PBXFileReference; lastKnownFileType = sourcecode.swift; path = MemoryTableViewDataSource.swift; sourceTree = "<group>"; };
		4520312F221367F900D96CD6 /* MemorizeViewController.swift */ = {isa = PBXFileReference; lastKnownFileType = sourcecode.swift; path = MemorizeViewController.swift; sourceTree = "<group>"; };
/* End PBXFileReference section */

/* Begin PBXFrameworksBuildPhase section */
		452030F322134CA100D96CD6 /* Frameworks */ = {
			isa = PBXFrameworksBuildPhase;
			buildActionMask = 2147483647;
			files = (
			);
			runOnlyForDeploymentPostprocessing = 0;
		};
		4520310722134CA200D96CD6 /* Frameworks */ = {
			isa = PBXFrameworksBuildPhase;
			buildActionMask = 2147483647;
			files = (
			);
			runOnlyForDeploymentPostprocessing = 0;
		};
		4520311222134CA200D96CD6 /* Frameworks */ = {
			isa = PBXFrameworksBuildPhase;
			buildActionMask = 2147483647;
			files = (
			);
			runOnlyForDeploymentPostprocessing = 0;
		};
/* End PBXFrameworksBuildPhase section */

/* Begin PBXGroup section */
		452030ED22134CA100D96CD6 = {
			isa = PBXGroup;
			children = (
				452030F822134CA100D96CD6 /* Memorize */,
				4520310D22134CA200D96CD6 /* MemorizeTests */,
				4520311822134CA200D96CD6 /* MemorizeUITests */,
				452030F722134CA100D96CD6 /* Products */,
			);
			sourceTree = "<group>";
		};
		452030F722134CA100D96CD6 /* Products */ = {
			isa = PBXGroup;
			children = (
				452030F622134CA100D96CD6 /* Memorize.app */,
				4520310A22134CA200D96CD6 /* MemorizeTests.xctest */,
				4520311522134CA200D96CD6 /* MemorizeUITests.xctest */,
			);
			name = Products;
			sourceTree = "<group>";
		};
		452030F822134CA100D96CD6 /* Memorize */ = {
			isa = PBXGroup;
			children = (
				452030F922134CA100D96CD6 /* AppDelegate.swift */,
				4520312922135D2C00D96CD6 /* MemorizeTableViewController.swift */,
				4520312B22135EBF00D96CD6 /* MemoryItem.swift */,
				4520312D22135F0900D96CD6 /* MemoryTableViewDataSource.swift */,
				4520312F221367F900D96CD6 /* MemorizeViewController.swift */,
				4520312722135C7000D96CD6 /* MemoryItems.json */,
				452030FD22134CA100D96CD6 /* Main.storyboard */,
				4520310022134CA200D96CD6 /* Assets.xcassets */,
				4520310222134CA200D96CD6 /* LaunchScreen.storyboard */,
				4520310522134CA200D96CD6 /* Info.plist */,
			);
			path = Memorize;
			sourceTree = "<group>";
		};
		4520310D22134CA200D96CD6 /* MemorizeTests */ = {
			isa = PBXGroup;
			children = (
				4520310E22134CA200D96CD6 /* MemorizeTests.swift */,
				4520311022134CA200D96CD6 /* Info.plist */,
			);
			path = MemorizeTests;
			sourceTree = "<group>";
		};
		4520311822134CA200D96CD6 /* MemorizeUITests */ = {
			isa = PBXGroup;
			children = (
				4520311922134CA200D96CD6 /* MemorizeUITests.swift */,
				4520311B22134CA200D96CD6 /* Info.plist */,
			);
			path = MemorizeUITests;
			sourceTree = "<group>";
		};
/* End PBXGroup section */

/* Begin PBXNativeTarget section */
		452030F522134CA100D96CD6 /* Memorize */ = {
			isa = PBXNativeTarget;
			buildConfigurationList = 4520311E22134CA200D96CD6 /* Build configuration list for PBXNativeTarget "Memorize" */;
			buildPhases = (
				452030F222134CA100D96CD6 /* Sources */,
				452030F322134CA100D96CD6 /* Frameworks */,
				452030F422134CA100D96CD6 /* Resources */,
			);
			buildRules = (
			);
			dependencies = (
			);
			name = Memorize;
			productName = Memorize;
			productReference = 452030F622134CA100D96CD6 /* Memorize.app */;
			productType = "com.apple.product-type.application";
		};
		4520310922134CA200D96CD6 /* MemorizeTests */ = {
			isa = PBXNativeTarget;
			buildConfigurationList = 4520312122134CA200D96CD6 /* Build configuration list for PBXNativeTarget "MemorizeTests" */;
			buildPhases = (
				4520310622134CA200D96CD6 /* Sources */,
				4520310722134CA200D96CD6 /* Frameworks */,
				4520310822134CA200D96CD6 /* Resources */,
			);
			buildRules = (
			);
			dependencies = (
				4520310C22134CA200D96CD6 /* PBXTargetDependency */,
			);
			name = MemorizeTests;
			productName = MemorizeTests;
			productReference = 4520310A22134CA200D96CD6 /* MemorizeTests.xctest */;
			productType = "com.apple.product-type.bundle.unit-test";
		};
		4520311422134CA200D96CD6 /* MemorizeUITests */ = {
			isa = PBXNativeTarget;
			buildConfigurationList = 4520312422134CA200D96CD6 /* Build configuration list for PBXNativeTarget "MemorizeUITests" */;
			buildPhases = (
				4520311122134CA200D96CD6 /* Sources */,
				4520311222134CA200D96CD6 /* Frameworks */,
				4520311322134CA200D96CD6 /* Resources */,
			);
			buildRules = (
			);
			dependencies = (
				4520311722134CA200D96CD6 /* PBXTargetDependency */,
			);
			name = MemorizeUITests;
			productName = MemorizeUITests;
			productReference = 4520311522134CA200D96CD6 /* MemorizeUITests.xctest */;
			productType = "com.apple.product-type.bundle.ui-testing";
		};
/* End PBXNativeTarget section */

/* Begin PBXProject section */
		452030EE22134CA100D96CD6 /* Project object */ = {
			isa = PBXProject;
			attributes = {
				LastSwiftUpdateCheck = 1010;
				LastUpgradeCheck = 1010;
				ORGANIZATIONNAME = "Rogue Spork, LLC";
				TargetAttributes = {
					452030F522134CA100D96CD6 = {
						CreatedOnToolsVersion = 10.1;
					};
					4520310922134CA200D96CD6 = {
						CreatedOnToolsVersion = 10.1;
						TestTargetID = 452030F522134CA100D96CD6;
					};
					4520311422134CA200D96CD6 = {
						CreatedOnToolsVersion = 10.1;
						TestTargetID = 452030F522134CA100D96CD6;
					};
				};
			};
			buildConfigurationList = 452030F122134CA100D96CD6 /* Build configuration list for PBXProject "Memorize" */;
			compatibilityVersion = "Xcode 9.3";
			developmentRegion = en;
			hasScannedForEncodings = 0;
			knownRegions = (
				en,
				Base,
			);
			mainGroup = 452030ED22134CA100D96CD6;
			productRefGroup = 452030F722134CA100D96CD6 /* Products */;
			projectDirPath = "";
			projectRoot = "";
			targets = (
				452030F522134CA100D96CD6 /* Memorize */,
				4520310922134CA200D96CD6 /* MemorizeTests */,
				4520311422134CA200D96CD6 /* MemorizeUITests */,
			);
		};
/* End PBXProject section */

/* Begin PBXResourcesBuildPhase section */
		452030F422134CA100D96CD6 /* Resources */ = {
			isa = PBXResourcesBuildPhase;
			buildActionMask = 2147483647;
			files = (
				4520310422134CA200D96CD6 /* LaunchScreen.storyboard in Resources */,
				4520310122134CA200D96CD6 /* Assets.xcassets in Resources */,
				452030FF22134CA100D96CD6 /* Main.storyboard in Resources */,
				4520312822135C7000D96CD6 /* MemoryItems.json in Resources */,
			);
			runOnlyForDeploymentPostprocessing = 0;
		};
		4520310822134CA200D96CD6 /* Resources */ = {
			isa = PBXResourcesBuildPhase;
			buildActionMask = 2147483647;
			files = (
			);
			runOnlyForDeploymentPostprocessing = 0;
		};
		4520311322134CA200D96CD6 /* Resources */ = {
			isa = PBXResourcesBuildPhase;
			buildActionMask = 2147483647;
			files = (
			);
			runOnlyForDeploymentPostprocessing = 0;
		};
/* End PBXResourcesBuildPhase section */

/* Begin PBXSourcesBuildPhase section */
		452030F222134CA100D96CD6 /* Sources */ = {
			isa = PBXSourcesBuildPhase;
			buildActionMask = 2147483647;
			files = (
				45203130221367F900D96CD6 /* MemorizeViewController.swift in Sources */,
				4520312A22135D2C00D96CD6 /* MemorizeTableViewController.swift in Sources */,
				4520312E22135F0900D96CD6 /* MemoryTableViewDataSource.swift in Sources */,
				452030FA22134CA100D96CD6 /* AppDelegate.swift in Sources */,
				4520312C22135EBF00D96CD6 /* MemoryItem.swift in Sources */,
			);
			runOnlyForDeploymentPostprocessing = 0;
		};
		4520310622134CA200D96CD6 /* Sources */ = {
			isa = PBXSourcesBuildPhase;
			buildActionMask = 2147483647;
			files = (
				4520310F22134CA200D96CD6 /* MemorizeTests.swift in Sources */,
			);
			runOnlyForDeploymentPostprocessing = 0;
		};
		4520311122134CA200D96CD6 /* Sources */ = {
			isa = PBXSourcesBuildPhase;
			buildActionMask = 2147483647;
			files = (
				4520311A22134CA200D96CD6 /* MemorizeUITests.swift in Sources */,
			);
			runOnlyForDeploymentPostprocessing = 0;
		};
/* End PBXSourcesBuildPhase section */

/* Begin PBXTargetDependency section */
		4520310C22134CA200D96CD6 /* PBXTargetDependency */ = {
			isa = PBXTargetDependency;
			target = 452030F522134CA100D96CD6 /* Memorize */;
			targetProxy = 4520310B22134CA200D96CD6 /* PBXContainerItemProxy */;
		};
		4520311722134CA200D96CD6 /* PBXTargetDependency */ = {
			isa = PBXTargetDependency;
			target = 452030F522134CA100D96CD6 /* Memorize */;
			targetProxy = 4520311622134CA200D96CD6 /* PBXContainerItemProxy */;
		};
/* End PBXTargetDependency section */

/* Begin PBXVariantGroup section */
		452030FD22134CA100D96CD6 /* Main.storyboard */ = {
			isa = PBXVariantGroup;
			children = (
				452030FE22134CA100D96CD6 /* Base */,
			);
			name = Main.storyboard;
			sourceTree = "<group>";
		};
		4520310222134CA200D96CD6 /* LaunchScreen.storyboard */ = {
			isa = PBXVariantGroup;
			children = (
				4520310322134CA200D96CD6 /* Base */,
			);
			name = LaunchScreen.storyboard;
			sourceTree = "<group>";
		};
/* End PBXVariantGroup section */

/* Begin XCBuildConfiguration section */
		4520311C22134CA200D96CD6 /* Debug */ = {
			isa = XCBuildConfiguration;
			buildSettings = {
				ALWAYS_SEARCH_USER_PATHS = NO;
				CLANG_ANALYZER_NONNULL = YES;
				CLANG_ANALYZER_NUMBER_OBJECT_CONVERSION = YES_AGGRESSIVE;
				CLANG_CXX_LANGUAGE_STANDARD = "gnu++14";
				CLANG_CXX_LIBRARY = "libc++";
				CLANG_ENABLE_MODULES = YES;
				CLANG_ENABLE_OBJC_ARC = YES;
				CLANG_ENABLE_OBJC_WEAK = YES;
				CLANG_WARN_BLOCK_CAPTURE_AUTORELEASING = YES;
				CLANG_WARN_BOOL_CONVERSION = YES;
				CLANG_WARN_COMMA = YES;
				CLANG_WARN_CONSTANT_CONVERSION = YES;
				CLANG_WARN_DEPRECATED_OBJC_IMPLEMENTATIONS = YES;
				CLANG_WARN_DIRECT_OBJC_ISA_USAGE = YES_ERROR;
				CLANG_WARN_DOCUMENTATION_COMMENTS = YES;
				CLANG_WARN_EMPTY_BODY = YES;
				CLANG_WARN_ENUM_CONVERSION = YES;
				CLANG_WARN_INFINITE_RECURSION = YES;
				CLANG_WARN_INT_CONVERSION = YES;
				CLANG_WARN_NON_LITERAL_NULL_CONVERSION = YES;
				CLANG_WARN_OBJC_IMPLICIT_RETAIN_SELF = YES;
				CLANG_WARN_OBJC_LITERAL_CONVERSION = YES;
				CLANG_WARN_OBJC_ROOT_CLASS = YES_ERROR;
				CLANG_WARN_RANGE_LOOP_ANALYSIS = YES;
				CLANG_WARN_STRICT_PROTOTYPES = YES;
				CLANG_WARN_SUSPICIOUS_MOVE = YES;
				CLANG_WARN_UNGUARDED_AVAILABILITY = YES_AGGRESSIVE;
				CLANG_WARN_UNREACHABLE_CODE = YES;
				CLANG_WARN__DUPLICATE_METHOD_MATCH = YES;
				CODE_SIGN_IDENTITY = "iPhone Developer";
				COPY_PHASE_STRIP = NO;
				DEBUG_INFORMATION_FORMAT = dwarf;
				ENABLE_STRICT_OBJC_MSGSEND = YES;
				ENABLE_TESTABILITY = YES;
				GCC_C_LANGUAGE_STANDARD = gnu11;
				GCC_DYNAMIC_NO_PIC = NO;
				GCC_NO_COMMON_BLOCKS = YES;
				GCC_OPTIMIZATION_LEVEL = 0;
				GCC_PREPROCESSOR_DEFINITIONS = (
					"DEBUG=1",
					"$(inherited)",
				);
				GCC_WARN_64_TO_32_BIT_CONVERSION = YES;
				GCC_WARN_ABOUT_RETURN_TYPE = YES_ERROR;
				GCC_WARN_UNDECLARED_SELECTOR = YES;
				GCC_WARN_UNINITIALIZED_AUTOS = YES_AGGRESSIVE;
				GCC_WARN_UNUSED_FUNCTION = YES;
				GCC_WARN_UNUSED_VARIABLE = YES;
				IPHONEOS_DEPLOYMENT_TARGET = 12.1;
				MTL_ENABLE_DEBUG_INFO = INCLUDE_SOURCE;
				MTL_FAST_MATH = YES;
				ONLY_ACTIVE_ARCH = YES;
				SDKROOT = iphoneos;
				SWIFT_ACTIVE_COMPILATION_CONDITIONS = DEBUG;
				SWIFT_OPTIMIZATION_LEVEL = "-Onone";
			};
			name = Debug;
		};
		4520311D22134CA200D96CD6 /* Release */ = {
			isa = XCBuildConfiguration;
			buildSettings = {
				ALWAYS_SEARCH_USER_PATHS = NO;
				CLANG_ANALYZER_NONNULL = YES;
				CLANG_ANALYZER_NUMBER_OBJECT_CONVERSION = YES_AGGRESSIVE;
				CLANG_CXX_LANGUAGE_STANDARD = "gnu++14";
				CLANG_CXX_LIBRARY = "libc++";
				CLANG_ENABLE_MODULES = YES;
				CLANG_ENABLE_OBJC_ARC = YES;
				CLANG_ENABLE_OBJC_WEAK = YES;
				CLANG_WARN_BLOCK_CAPTURE_AUTORELEASING = YES;
				CLANG_WARN_BOOL_CONVERSION = YES;
				CLANG_WARN_COMMA = YES;
				CLANG_WARN_CONSTANT_CONVERSION = YES;
				CLANG_WARN_DEPRECATED_OBJC_IMPLEMENTATIONS = YES;
				CLANG_WARN_DIRECT_OBJC_ISA_USAGE = YES_ERROR;
				CLANG_WARN_DOCUMENTATION_COMMENTS = YES;
				CLANG_WARN_EMPTY_BODY = YES;
				CLANG_WARN_ENUM_CONVERSION = YES;
				CLANG_WARN_INFINITE_RECURSION = YES;
				CLANG_WARN_INT_CONVERSION = YES;
				CLANG_WARN_NON_LITERAL_NULL_CONVERSION = YES;
				CLANG_WARN_OBJC_IMPLICIT_RETAIN_SELF = YES;
				CLANG_WARN_OBJC_LITERAL_CONVERSION = YES;
				CLANG_WARN_OBJC_ROOT_CLASS = YES_ERROR;
				CLANG_WARN_RANGE_LOOP_ANALYSIS = YES;
				CLANG_WARN_STRICT_PROTOTYPES = YES;
				CLANG_WARN_SUSPICIOUS_MOVE = YES;
				CLANG_WARN_UNGUARDED_AVAILABILITY = YES_AGGRESSIVE;
				CLANG_WARN_UNREACHABLE_CODE = YES;
				CLANG_WARN__DUPLICATE_METHOD_MATCH = YES;
				CODE_SIGN_IDENTITY = "iPhone Developer";
				COPY_PHASE_STRIP = NO;
				DEBUG_INFORMATION_FORMAT = "dwarf-with-dsym";
				ENABLE_NS_ASSERTIONS = NO;
				ENABLE_STRICT_OBJC_MSGSEND = YES;
				GCC_C_LANGUAGE_STANDARD = gnu11;
				GCC_NO_COMMON_BLOCKS = YES;
				GCC_WARN_64_TO_32_BIT_CONVERSION = YES;
				GCC_WARN_ABOUT_RETURN_TYPE = YES_ERROR;
				GCC_WARN_UNDECLARED_SELECTOR = YES;
				GCC_WARN_UNINITIALIZED_AUTOS = YES_AGGRESSIVE;
				GCC_WARN_UNUSED_FUNCTION = YES;
				GCC_WARN_UNUSED_VARIABLE = YES;
				IPHONEOS_DEPLOYMENT_TARGET = 12.1;
				MTL_ENABLE_DEBUG_INFO = NO;
				MTL_FAST_MATH = YES;
				SDKROOT = iphoneos;
				SWIFT_COMPILATION_MODE = wholemodule;
				SWIFT_OPTIMIZATION_LEVEL = "-O";
				VALIDATE_PRODUCT = YES;
			};
			name = Release;
		};
		4520311F22134CA200D96CD6 /* Debug */ = {
			isa = XCBuildConfiguration;
			buildSettings = {
				ASSETCATALOG_COMPILER_APPICON_NAME = AppIcon;
				CODE_SIGN_STYLE = Automatic;
				DEVELOPMENT_TEAM = G3S2RG9ZZK;
				INFOPLIST_FILE = Memorize/Info.plist;
				LD_RUNPATH_SEARCH_PATHS = (
					"$(inherited)",
					"@executable_path/Frameworks",
				);
				PRODUCT_BUNDLE_IDENTIFIER = com.roguesporkllc.Memorize;
				PRODUCT_NAME = "$(TARGET_NAME)";
				SWIFT_VERSION = 4.2;
				TARGETED_DEVICE_FAMILY = "1,2";
			};
			name = Debug;
		};
		4520312022134CA200D96CD6 /* Release */ = {
			isa = XCBuildConfiguration;
			buildSettings = {
				ASSETCATALOG_COMPILER_APPICON_NAME = AppIcon;
				CODE_SIGN_STYLE = Automatic;
				DEVELOPMENT_TEAM = G3S2RG9ZZK;
				INFOPLIST_FILE = Memorize/Info.plist;
				LD_RUNPATH_SEARCH_PATHS = (
					"$(inherited)",
					"@executable_path/Frameworks",
				);
				PRODUCT_BUNDLE_IDENTIFIER = com.roguesporkllc.Memorize;
				PRODUCT_NAME = "$(TARGET_NAME)";
				SWIFT_VERSION = 4.2;
				TARGETED_DEVICE_FAMILY = "1,2";
			};
			name = Release;
		};
		4520312222134CA200D96CD6 /* Debug */ = {
			isa = XCBuildConfiguration;
			buildSettings = {
				ALWAYS_EMBED_SWIFT_STANDARD_LIBRARIES = YES;
				BUNDLE_LOADER = "$(TEST_HOST)";
				CODE_SIGN_STYLE = Automatic;
				DEVELOPMENT_TEAM = G3S2RG9ZZK;
				INFOPLIST_FILE = MemorizeTests/Info.plist;
				LD_RUNPATH_SEARCH_PATHS = (
					"$(inherited)",
					"@executable_path/Frameworks",
					"@loader_path/Frameworks",
				);
				PRODUCT_BUNDLE_IDENTIFIER = com.roguesporkllc.MemorizeTests;
				PRODUCT_NAME = "$(TARGET_NAME)";
				SWIFT_VERSION = 4.2;
				TARGETED_DEVICE_FAMILY = "1,2";
				TEST_HOST = "$(BUILT_PRODUCTS_DIR)/Memorize.app/Memorize";
			};
			name = Debug;
		};
		4520312322134CA200D96CD6 /* Release */ = {
			isa = XCBuildConfiguration;
			buildSettings = {
				ALWAYS_EMBED_SWIFT_STANDARD_LIBRARIES = YES;
				BUNDLE_LOADER = "$(TEST_HOST)";
				CODE_SIGN_STYLE = Automatic;
				DEVELOPMENT_TEAM = G3S2RG9ZZK;
				INFOPLIST_FILE = MemorizeTests/Info.plist;
				LD_RUNPATH_SEARCH_PATHS = (
					"$(inherited)",
					"@executable_path/Frameworks",
					"@loader_path/Frameworks",
				);
				PRODUCT_BUNDLE_IDENTIFIER = com.roguesporkllc.MemorizeTests;
				PRODUCT_NAME = "$(TARGET_NAME)";
				SWIFT_VERSION = 4.2;
				TARGETED_DEVICE_FAMILY = "1,2";
				TEST_HOST = "$(BUILT_PRODUCTS_DIR)/Memorize.app/Memorize";
			};
			name = Release;
		};
		4520312522134CA200D96CD6 /* Debug */ = {
			isa = XCBuildConfiguration;
			buildSettings = {
				ALWAYS_EMBED_SWIFT_STANDARD_LIBRARIES = YES;
				CODE_SIGN_STYLE = Automatic;
				DEVELOPMENT_TEAM = G3S2RG9ZZK;
				INFOPLIST_FILE = MemorizeUITests/Info.plist;
				LD_RUNPATH_SEARCH_PATHS = (
					"$(inherited)",
					"@executable_path/Frameworks",
					"@loader_path/Frameworks",
				);
				PRODUCT_BUNDLE_IDENTIFIER = com.roguesporkllc.MemorizeUITests;
				PRODUCT_NAME = "$(TARGET_NAME)";
				SWIFT_VERSION = 4.2;
				TARGETED_DEVICE_FAMILY = "1,2";
				TEST_TARGET_NAME = Memorize;
			};
			name = Debug;
		};
		4520312622134CA200D96CD6 /* Release */ = {
			isa = XCBuildConfiguration;
			buildSettings = {
				ALWAYS_EMBED_SWIFT_STANDARD_LIBRARIES = YES;
				CODE_SIGN_STYLE = Automatic;
				DEVELOPMENT_TEAM = G3S2RG9ZZK;
				INFOPLIST_FILE = MemorizeUITests/Info.plist;
				LD_RUNPATH_SEARCH_PATHS = (
					"$(inherited)",
					"@executable_path/Frameworks",
					"@loader_path/Frameworks",
				);
				PRODUCT_BUNDLE_IDENTIFIER = com.roguesporkllc.MemorizeUITests;
				PRODUCT_NAME = "$(TARGET_NAME)";
				SWIFT_VERSION = 4.2;
				TARGETED_DEVICE_FAMILY = "1,2";
				TEST_TARGET_NAME = Memorize;
			};
			name = Release;
		};
/* End XCBuildConfiguration section */

/* Begin XCConfigurationList section */
		452030F122134CA100D96CD6 /* Build configuration list for PBXProject "Memorize" */ = {
			isa = XCConfigurationList;
			buildConfigurations = (
				4520311C22134CA200D96CD6 /* Debug */,
				4520311D22134CA200D96CD6 /* Release */,
			);
			defaultConfigurationIsVisible = 0;
			defaultConfigurationName = Release;
		};
		4520311E22134CA200D96CD6 /* Build configuration list for PBXNativeTarget "Memorize" */ = {
			isa = XCConfigurationList;
			buildConfigurations = (
				4520311F22134CA200D96CD6 /* Debug */,
				4520312022134CA200D96CD6 /* Release */,
			);
			defaultConfigurationIsVisible = 0;
			defaultConfigurationName = Release;
		};
		4520312122134CA200D96CD6 /* Build configuration list for PBXNativeTarget "MemorizeTests" */ = {
			isa = XCConfigurationList;
			buildConfigurations = (
				4520312222134CA200D96CD6 /* Debug */,
				4520312322134CA200D96CD6 /* Release */,
			);
			defaultConfigurationIsVisible = 0;
			defaultConfigurationName = Release;
		};
		4520312422134CA200D96CD6 /* Build configuration list for PBXNativeTarget "MemorizeUITests" */ = {
			isa = XCConfigurationList;
			buildConfigurations = (
				4520312522134CA200D96CD6 /* Debug */,
				4520312622134CA200D96CD6 /* Release */,
			);
			defaultConfigurationIsVisible = 0;
			defaultConfigurationName = Release;
		};
/* End XCConfigurationList section */
	};
	rootObject = 452030EE22134CA100D96CD6 /* Project object */;
}
